Microsoft Visual Studio Solution File, Format Version 12.00
# Visual Studio 15
VisualStudioVersion = 15.0.27130.2003
MinimumVisualStudioVersion = 10.0.40219.1
Project("{9A19103F-16F7-4668-BE54-9A1E7A4F7556}") = "APIGateway", "APIGateway\APIGateway.csproj", "{CC27C601-BAF3-4144-B5F3-396B04AA3751}"
EndProject
Global
	GlobalSection(SolutionConfigurationPlatforms) = preSolution
		Debug|Any CPU = Debug|Any CPU
		Release|Any CPU = Release|Any CPU
	EndGlobalSection
	GlobalSection(ProjectConfigurationPlatforms) = postSolution
		{CC27C601-BAF3-4144-B5F3-396B04AA3751}.Debug|Any CPU.ActiveCfg = Debug|Any CPU
		{CC27C601-BAF3-4144-B5F3-396B04AA3751}.Debug|Any CPU.Build.0 = Debug|Any CPU
		{CC27C601-BAF3-4144-B5F3-396B04AA3751}.Release|Any CPU.ActiveCfg = Release|Any CPU
		{CC27C601-BAF3-4144-B5F3-396B04AA3751}.Release|Any CPU.Build.0 = Release|Any CPU
	EndGlobalSection
	GlobalSection(SolutionProperties) = preSolution
		HideSolutionNode = FALSE
	EndGlobalSection
	GlobalSection(ExtensibilityGlobals) = postSolution
		SolutionGuid = {F4BE6A1D-0B87-4BCC-9692-B0FD7CB01E16}
	EndGlobalSection
	GlobalSection(TeamFoundationVersionControl) = preSolution
		SccNumberOfProjects = 2
		SccEnterpriseProvider = {4CA58AB2-18FA-4F8D-95D4-32DDF27D184C}
		SccTeamFoundationServer = http://172.21.10.134/tfs/greentick
		SccLocalPath0 = .
		SccProjectUniqueName1 = APIGateway\\APIGateway.csproj
		SccProjectName1 = APIGateway
		SccLocalPath1 = APIGateway
	EndGlobalSection
EndGlobal
